
Microsoft Visual Studio Solution File, Format Version 12.00
# Visual Studio Version 17
VisualStudioVersion = 17.10.35013.160
MinimumVisualStudioVersion = 10.0.40219.1
Project("{FAE04EC0-301F-11D3-BF4B-00C04F79EFBC}") = "Part 5.5 - More Methods", "Part 5.5 - More Methods\Part 5.5 - More Methods.csproj", "{E55584CE-F418-4EE4-863F-A1044D9C6C63}"
EndProject
Global
	GlobalSection(SolutionConfigurationPlatforms) = preSolution
		Debug|Any CPU = Debug|Any CPU
		Release|Any CPU = Release|Any CPU
	EndGlobalSection
	GlobalSection(ProjectConfigurationPlatforms) = postSolution
		{E55584CE-F418-4EE4-863F-A1044D9C6C63}.Debug|Any CPU.ActiveCfg = Debug|Any CPU
		{E55584CE-F418-4EE4-863F-A1044D9C6C63}.Debug|Any CPU.Build.0 = Debug|Any CPU
		{E55584CE-F418-4EE4-863F-A1044D9C6C63}.Release|Any CPU.ActiveCfg = Release|Any CPU
		{E55584CE-F418-4EE4-863F-A1044D9C6C63}.Release|Any CPU.Build.0 = Release|Any CPU
	EndGlobalSection
	GlobalSection(SolutionProperties) = preSolution
		HideSolutionNode = FALSE
	EndGlobalSection
	GlobalSection(ExtensibilityGlobals) = postSolution
		SolutionGuid = {032F8011-F160-4794-9FC4-5854EA9D6C62}
	EndGlobalSection
EndGlobal
